PODS:
  - AMCoreAudio (2.0.10)
  - LetsMove (1.19)
  - PureLayout (2.0.6)
  - Sparkle (1.13.1)
  - StartAtLoginController (0.0.1)

DEPENDENCIES:
  - AMCoreAudio (~> 2.0.10)
  - LetsMove (~> 1.9)
  - PureLayout (~> 2.0.6)
  - Sparkle (~> 1.13.1)
  - StartAtLoginController (~> 0.0.1)

SPEC CHECKSUMS:
  AMCoreAudio: 3d7e74593c374ccddd32ec93b2b4564d619c6c9d
  LetsMove: ddede6e726b7aeb125f3bce42943da4ee3ee2432
  PureLayout: f25f0bb904d5ccfe6e31da3cb869185259f02e0d
  Sparkle: 2fbd47b869621d1e679c7554e3e19dda02104818
  StartAtLoginController: 9ff14295bab38f7cba164a838349f6c0a2d83020

COCOAPODS: 0.39.0
